// !$*UTF8*$!
{
	archiveVersion = 1;
	classes = {
	};
	objectVersion = 56;
	objects = {

/* Begin PBXBuildFile section */
		5AC97B612C87082600E9A299 /* ToDoApp.swift in Sources */ = {isa = PBXBuildFile; fileRef = 5AC97B602C87082600E9A299 /* ToDoApp.swift */; };
		5AC97B632C87082600E9A299 /* ListView.swift in Sources */ = {isa = PBXBuildFile; fileRef = 5AC97B622C87082600E9A299 /* ListView.swift */; };
		5AC97B652C87082800E9A299 /* Assets.xcassets in Resources */ = {isa = PBXBuildFile; fileRef = 5AC97B642C87082800E9A299 /* Assets.xcassets */; };
		5AC97B682C87082800E9A299 /* Preview Assets.xcassets in Resources */ = {isa = PBXBuildFile; fileRef = 5AC97B672C87082800E9A299 /* Preview Assets.xcassets */; };
		5AC97B722C87082800E9A299 /* ToDoTests.swift in Sources */ = {isa = PBXBuildFile; fileRef = 5AC97B712C87082800E9A299 /* ToDoTests.swift */; };
		5AC97B7C2C87082800E9A299 /* ToDoUITests.swift in Sources */ = {isa = PBXBuildFile; fileRef = 5AC97B7B2C87082800E9A299 /* ToDoUITests.swift */; };
		5AC97B7E2C87082800E9A299 /* ToDoUITestsLaunchTests.swift in Sources */ = {isa = PBXBuildFile; fileRef = 5AC97B7D2C87082800E9A299 /* ToDoUITestsLaunchTests.swift */; };
		5AC97B8F2C87094300E9A299 /* ListRowView.swift in Sources */ = {isa = PBXBuildFile; fileRef = 5AC97B8E2C87094300E9A299 /* ListRowView.swift */; };
		5AC97B932C870B5B00E9A299 /* AddView.swift in Sources */ = {isa = PBXBuildFile; fileRef = 5AC97B922C870B5B00E9A299 /* AddView.swift */; };
		5AC97B952C870D7500E9A299 /* ItemModel.swift in Sources */ = {isa = PBXBuildFile; fileRef = 5AC97B942C870D7500E9A299 /* ItemModel.swift */; };
		5AC97B972C87115800E9A299 /* ListViewModel.swift in Sources */ = {isa = PBXBuildFile; fileRef = 5AC97B962C87115800E9A299 /* ListViewModel.swift */; };
		5AC97B992C87202C00E9A299 /* EmptyListView.swift in Sources */ = {isa = PBXBuildFile; fileRef = 5AC97B982C87202C00E9A299 /* EmptyListView.swift */; };
		5AC97B9D2C872D4000E9A299 /* NewItemButton.swift in Sources */ = {isa = PBXBuildFile; fileRef = 5AC97B9C2C872D4000E9A299 /* NewItemButton.swift */; };
/* End PBXBuildFile section */

/* Begin PBXContainerItemProxy section */
		5AC97B6E2C87082800E9A299 /* PBXContainerItemProxy */ = {
			isa = PBXContainerItemProxy;
			containerPortal = 5AC97B552C87082600E9A299 /* Project object */;
			proxyType = 1;
			remoteGlobalIDString = 5AC97B5C2C87082600E9A299;
			remoteInfo = ToDo;
		};
		5AC97B782C87082800E9A299 /* PBXContainerItemProxy */ = {
			isa = PBXContainerItemProxy;
			containerPortal = 5AC97B552C87082600E9A299 /* Project object */;
			proxyType = 1;
			remoteGlobalIDString = 5AC97B5C2C87082600E9A299;
			remoteInfo = ToDo;
		};
/* End PBXContainerItemProxy section */

/* Begin PBXFileReference section */
		5AC97B5D2C87082600E9A299 /* ToDo.app */ = {isa = PBXFileReference; explicitFileType = wrapper.application; includeInIndex = 0; path = ToDo.app; sourceTree = BUILT_PRODUCTS_DIR; };
		5AC97B602C87082600E9A299 /* ToDoApp.swift */ = {isa = PBXFileReference; lastKnownFileType = sourcecode.swift; path = ToDoApp.swift; sourceTree = "<group>"; };
		5AC97B622C87082600E9A299 /* ListView.swift */ = {isa = PBXFileReference; lastKnownFileType = sourcecode.swift; path = ListView.swift; sourceTree = "<group>"; };
		5AC97B642C87082800E9A299 /* Assets.xcassets */ = {isa = PBXFileReference; lastKnownFileType = folder.assetcatalog; path = Assets.xcassets; sourceTree = "<group>"; };
		5AC97B672C87082800E9A299 /* Preview Assets.xcassets */ = {isa = PBXFileReference; lastKnownFileType = folder.assetcatalog; path = "Preview Assets.xcassets"; sourceTree = "<group>"; };
		5AC97B6D2C87082800E9A299 /* ToDoTests.xctest */ = {isa = PBXFileReference; explicitFileType = wrapper.cfbundle; includeInIndex = 0; path = ToDoTests.xctest; sourceTree = BUILT_PRODUCTS_DIR; };
		5AC97B712C87082800E9A299 /* ToDoTests.swift */ = {isa = PBXFileReference; lastKnownFileType = sourcecode.swift; path = ToDoTests.swift; sourceTree = "<group>"; };
		5AC97B772C87082800E9A299 /* ToDoUITests.xctest */ = {isa = PBXFileReference; explicitFileType = wrapper.cfbundle; includeInIndex = 0; path = ToDoUITests.xctest; sourceTree = BUILT_PRODUCTS_DIR; };
		5AC97B7B2C87082800E9A299 /* ToDoUITests.swift */ = {isa = PBXFileReference; lastKnownFileType = sourcecode.swift; path = ToDoUITests.swift; sourceTree = "<group>"; };
		5AC97B7D2C87082800E9A299 /* ToDoUITestsLaunchTests.swift */ = {isa = PBXFileReference; lastKnownFileType = sourcecode.swift; path = ToDoUITestsLaunchTests.swift; sourceTree = "<group>"; };
		5AC97B8E2C87094300E9A299 /* ListRowView.swift */ = {isa = PBXFileReference; lastKnownFileType = sourcecode.swift; path = ListRowView.swift; sourceTree = "<group>"; };
		5AC97B922C870B5B00E9A299 /* AddView.swift */ = {isa = PBXFileReference; lastKnownFileType = sourcecode.swift; path = AddView.swift; sourceTree = "<group>"; };
		5AC97B942C870D7500E9A299 /* ItemModel.swift */ = {isa = PBXFileReference; lastKnownFileType = sourcecode.swift; path = ItemModel.swift; sourceTree = "<group>"; };
		5AC97B962C87115800E9A299 /* ListViewModel.swift */ = {isa = PBXFileReference; lastKnownFileType = sourcecode.swift; path = ListViewModel.swift; sourceTree = "<group>"; };
		5AC97B982C87202C00E9A299 /* EmptyListView.swift */ = {isa = PBXFileReference; lastKnownFileType = sourcecode.swift; path = EmptyListView.swift; sourceTree = "<group>"; };
		5AC97B9C2C872D4000E9A299 /* NewItemButton.swift */ = {isa = PBXFileReference; lastKnownFileType = sourcecode.swift; path = NewItemButton.swift; sourceTree = "<group>"; };
/* End PBXFileReference section */

/* Begin PBXFrameworksBuildPhase section */
		5AC97B5A2C87082600E9A299 /* Frameworks */ = {
			isa = PBXFrameworksBuildPhase;
			buildActionMask = 2147483647;
			files = (
			);
			runOnlyForDeploymentPostprocessing = 0;
		};
		5AC97B6A2C87082800E9A299 /* Frameworks */ = {
			isa = PBXFrameworksBuildPhase;
			buildActionMask = 2147483647;
			files = (
			);
			runOnlyForDeploymentPostprocessing = 0;
		};
		5AC97B742C87082800E9A299 /* Frameworks */ = {
			isa = PBXFrameworksBuildPhase;
			buildActionMask = 2147483647;
			files = (
			);
			runOnlyForDeploymentPostprocessing = 0;
		};
/* End PBXFrameworksBuildPhase section */

/* Begin PBXGroup section */
		5AC97B542C87082600E9A299 = {
			isa = PBXGroup;
			children = (
				5AC97B5F2C87082600E9A299 /* ToDo */,
				5AC97B702C87082800E9A299 /* ToDoTests */,
				5AC97B7A2C87082800E9A299 /* ToDoUITests */,
				5AC97B5E2C87082600E9A299 /* Products */,
			);
			sourceTree = "<group>";
		};
		5AC97B5E2C87082600E9A299 /* Products */ = {
			isa = PBXGroup;
			children = (
				5AC97B5D2C87082600E9A299 /* ToDo.app */,
				5AC97B6D2C87082800E9A299 /* ToDoTests.xctest */,
				5AC97B772C87082800E9A299 /* ToDoUITests.xctest */,
			);
			name = Products;
			sourceTree = "<group>";
		};
		5AC97B5F2C87082600E9A299 /* ToDo */ = {
			isa = PBXGroup;
			children = (
				5AC97B602C87082600E9A299 /* ToDoApp.swift */,
				5AC97B912C870A3400E9A299 /* Model */,
				5AC97B902C870A2B00E9A299 /* ViewModel */,
				5AC97B8A2C87083E00E9A299 /* View */,
				5AC97B642C87082800E9A299 /* Assets.xcassets */,
				5AC97B662C87082800E9A299 /* Preview Content */,
			);
			path = ToDo;
			sourceTree = "<group>";
		};
		5AC97B662C87082800E9A299 /* Preview Content */ = {
			isa = PBXGroup;
			children = (
				5AC97B672C87082800E9A299 /* Preview Assets.xcassets */,
			);
			path = "Preview Content";
			sourceTree = "<group>";
		};
		5AC97B702C87082800E9A299 /* ToDoTests */ = {
			isa = PBXGroup;
			children = (
				5AC97B712C87082800E9A299 /* ToDoTests.swift */,
			);
			path = ToDoTests;
			sourceTree = "<group>";
		};
		5AC97B7A2C87082800E9A299 /* ToDoUITests */ = {
			isa = PBXGroup;
			children = (
				5AC97B7B2C87082800E9A299 /* ToDoUITests.swift */,
				5AC97B7D2C87082800E9A299 /* ToDoUITestsLaunchTests.swift */,
			);
			path = ToDoUITests;
			sourceTree = "<group>";
		};
		5AC97B8A2C87083E00E9A299 /* View */ = {
			isa = PBXGroup;
			children = (
				5AC97B9B2C87215000E9A299 /* NewItemModule */,
				5AC97B9A2C87211B00E9A299 /* ListItemsModule */,
			);
			path = View;
			sourceTree = "<group>";
		};
		5AC97B8B2C87091800E9A299 /* Components */ = {
			isa = PBXGroup;
			children = (
				5AC97B8E2C87094300E9A299 /* ListRowView.swift */,
				5AC97B9C2C872D4000E9A299 /* NewItemButton.swift */,
			);
			path = Components;
			sourceTree = "<group>";
		};
		5AC97B902C870A2B00E9A299 /* ViewModel */ = {
			isa = PBXGroup;
			children = (
				5AC97B962C87115800E9A299 /* ListViewModel.swift */,
			);
			path = ViewModel;
			sourceTree = "<group>";
		};
		5AC97B912C870A3400E9A299 /* Model */ = {
			isa = PBXGroup;
			children = (
				5AC97B942C870D7500E9A299 /* ItemModel.swift */,
			);
			path = Model;
			sourceTree = "<group>";
		};
		5AC97B9A2C87211B00E9A299 /* ListItemsModule */ = {
			isa = PBXGroup;
			children = (
				5AC97B622C87082600E9A299 /* ListView.swift */,
				5AC97B982C87202C00E9A299 /* EmptyListView.swift */,
				5AC97B8B2C87091800E9A299 /* Components */,
			);
			path = ListItemsModule;
			sourceTree = "<group>";
		};
		5AC97B9B2C87215000E9A299 /* NewItemModule */ = {
			isa = PBXGroup;
			children = (
				5AC97B922C870B5B00E9A299 /* AddView.swift */,
			);
			path = NewItemModule;
			sourceTree = "<group>";
		};
/* End PBXGroup section */

/* Begin PBXNativeTarget section */
		5AC97B5C2C87082600E9A299 /* ToDo */ = {
			isa = PBXNativeTarget;
			buildConfigurationList = 5AC97B812C87082900E9A299 /* Build configuration list for PBXNativeTarget "ToDo" */;
			buildPhases = (
				5AC97B592C87082600E9A299 /* Sources */,
				5AC97B5A2C87082600E9A299 /* Frameworks */,
				5AC97B5B2C87082600E9A299 /* Resources */,
			);
			buildRules = (
			);
			dependencies = (
			);
			name = ToDo;
			productName = ToDo;
			productReference = 5AC97B5D2C87082600E9A299 /* ToDo.app */;
			productType = "com.apple.product-type.application";
		};
		5AC97B6C2C87082800E9A299 /* ToDoTests */ = {
			isa = PBXNativeTarget;
			buildConfigurationList = 5AC97B842C87082900E9A299 /* Build configuration list for PBXNativeTarget "ToDoTests" */;
			buildPhases = (
				5AC97B692C87082800E9A299 /* Sources */,
				5AC97B6A2C87082800E9A299 /* Frameworks */,
				5AC97B6B2C87082800E9A299 /* Resources */,
			);
			buildRules = (
			);
			dependencies = (
				5AC97B6F2C87082800E9A299 /* PBXTargetDependency */,
			);
			name = ToDoTests;
			productName = ToDoTests;
			productReference = 5AC97B6D2C87082800E9A299 /* ToDoTests.xctest */;
			productType = "com.apple.product-type.bundle.unit-test";
		};
		5AC97B762C87082800E9A299 /* ToDoUITests */ = {
			isa = PBXNativeTarget;
			buildConfigurationList = 5AC97B872C87082900E9A299 /* Build configuration list for PBXNativeTarget "ToDoUITests" */;
			buildPhases = (
				5AC97B732C87082800E9A299 /* Sources */,
				5AC97B742C87082800E9A299 /* Frameworks */,
				5AC97B752C87082800E9A299 /* Resources */,
			);
			buildRules = (
			);
			dependencies = (
				5AC97B792C87082800E9A299 /* PBXTargetDependency */,
			);
			name = ToDoUITests;
			productName = ToDoUITests;
			productReference = 5AC97B772C87082800E9A299 /* ToDoUITests.xctest */;
			productType = "com.apple.product-type.bundle.ui-testing";
		};
/* End PBXNativeTarget section */

/* Begin PBXProject section */
		5AC97B552C87082600E9A299 /* Project object */ = {
			isa = PBXProject;
			attributes = {
				BuildIndependentTargetsInParallel = 1;
				LastSwiftUpdateCheck = 1520;
				LastUpgradeCheck = 1520;
				TargetAttributes = {
					5AC97B5C2C87082600E9A299 = {
						CreatedOnToolsVersion = 15.2;
					};
					5AC97B6C2C87082800E9A299 = {
						CreatedOnToolsVersion = 15.2;
						TestTargetID = 5AC97B5C2C87082600E9A299;
					};
					5AC97B762C87082800E9A299 = {
						CreatedOnToolsVersion = 15.2;
						TestTargetID = 5AC97B5C2C87082600E9A299;
					};
				};
			};
			buildConfigurationList = 5AC97B582C87082600E9A299 /* Build configuration list for PBXProject "ToDo" */;
			compatibilityVersion = "Xcode 14.0";
			developmentRegion = en;
			hasScannedForEncodings = 0;
			knownRegions = (
				en,
				Base,
			);
			mainGroup = 5AC97B542C87082600E9A299;
			productRefGroup = 5AC97B5E2C87082600E9A299 /* Products */;
			projectDirPath = "";
			projectRoot = "";
			targets = (
				5AC97B5C2C87082600E9A299 /* ToDo */,
				5AC97B6C2C87082800E9A299 /* ToDoTests */,
				5AC97B762C87082800E9A299 /* ToDoUITests */,
			);
		};
/* End PBXProject section */

/* Begin PBXResourcesBuildPhase section */
		5AC97B5B2C87082600E9A299 /* Resources */ = {
			isa = PBXResourcesBuildPhase;
			buildActionMask = 2147483647;
			files = (
				5AC97B682C87082800E9A299 /* Preview Assets.xcassets in Resources */,
				5AC97B652C87082800E9A299 /* Assets.xcassets in Resources */,
			);
			runOnlyForDeploymentPostprocessing = 0;
		};
		5AC97B6B2C87082800E9A299 /* Resources */ = {
			isa = PBXResourcesBuildPhase;
			buildActionMask = 2147483647;
			files = (
			);
			runOnlyForDeploymentPostprocessing = 0;
		};
		5AC97B752C87082800E9A299 /* Resources */ = {
			isa = PBXResourcesBuildPhase;
			buildActionMask = 2147483647;
			files = (
			);
			runOnlyForDeploymentPostprocessing = 0;
		};
/* End PBXResourcesBuildPhase section */

/* Begin PBXSourcesBuildPhase section */
		5AC97B592C87082600E9A299 /* Sources */ = {
			isa = PBXSourcesBuildPhase;
			buildActionMask = 2147483647;
			files = (
				5AC97B952C870D7500E9A299 /* ItemModel.swift in Sources */,
				5AC97B932C870B5B00E9A299 /* AddView.swift in Sources */,
				5AC97B992C87202C00E9A299 /* EmptyListView.swift in Sources */,
				5AC97B9D2C872D4000E9A299 /* NewItemButton.swift in Sources */,
				5AC97B972C87115800E9A299 /* ListViewModel.swift in Sources */,
				5AC97B632C87082600E9A299 /* ListView.swift in Sources */,
				5AC97B612C87082600E9A299 /* ToDoApp.swift in Sources */,
				5AC97B8F2C87094300E9A299 /* ListRowView.swift in Sources */,
			);
			runOnlyForDeploymentPostprocessing = 0;
		};
		5AC97B692C87082800E9A299 /* Sources */ = {
			isa = PBXSourcesBuildPhase;
			buildActionMask = 2147483647;
			files = (
				5AC97B722C87082800E9A299 /* ToDoTests.swift in Sources */,
			);
			runOnlyForDeploymentPostprocessing = 0;
		};
		5AC97B732C87082800E9A299 /* Sources */ = {
			isa = PBXSourcesBuildPhase;
			buildActionMask = 2147483647;
			files = (
				5AC97B7E2C87082800E9A299 /* ToDoUITestsLaunchTests.swift in Sources */,
				5AC97B7C2C87082800E9A299 /* ToDoUITests.swift in Sources */,
			);
			runOnlyForDeploymentPostprocessing = 0;
		};
/* End PBXSourcesBuildPhase section */

/* Begin PBXTargetDependency section */
		5AC97B6F2C87082800E9A299 /* PBXTargetDependency */ = {
			isa = PBXTargetDependency;
			target = 5AC97B5C2C87082600E9A299 /* ToDo */;
			targetProxy = 5AC97B6E2C87082800E9A299 /* PBXContainerItemProxy */;
		};
		5AC97B792C87082800E9A299 /* PBXTargetDependency */ = {
			isa = PBXTargetDependency;
			target = 5AC97B5C2C87082600E9A299 /* ToDo */;
			targetProxy = 5AC97B782C87082800E9A299 /* PBXContainerItemProxy */;
		};
/* End PBXTargetDependency section */

/* Begin XCBuildConfiguration section */
		5AC97B7F2C87082800E9A299 /* Debug */ = {
			isa = XCBuildConfiguration;
			buildSettings = {
				ALWAYS_SEARCH_USER_PATHS = NO;
				ASSETCATALOG_COMPILER_GENERATE_SWIFT_ASSET_SYMBOL_EXTENSIONS = YES;
				CLANG_ANALYZER_NONNULL = YES;
				CLANG_ANALYZER_NUMBER_OBJECT_CONVERSION = YES_AGGRESSIVE;
				CLANG_CXX_LANGUAGE_STANDARD = "gnu++20";
				CLANG_ENABLE_MODULES = YES;
				CLANG_ENABLE_OBJC_ARC = YES;
				CLANG_ENABLE_OBJC_WEAK = YES;
				CLANG_WARN_BLOCK_CAPTURE_AUTORELEASING = YES;
				CLANG_WARN_BOOL_CONVERSION = YES;
				CLANG_WARN_COMMA = YES;
				CLANG_WARN_CONSTANT_CONVERSION = YES;
				CLANG_WARN_DEPRECATED_OBJC_IMPLEMENTATIONS = YES;
				CLANG_WARN_DIRECT_OBJC_ISA_USAGE = YES_ERROR;
				CLANG_WARN_DOCUMENTATION_COMMENTS = YES;
				CLANG_WARN_EMPTY_BODY = YES;
				CLANG_WARN_ENUM_CONVERSION = YES;
				CLANG_WARN_INFINITE_RECURSION = YES;
				CLANG_WARN_INT_CONVERSION = YES;
				CLANG_WARN_NON_LITERAL_NULL_CONVERSION = YES;
				CLANG_WARN_OBJC_IMPLICIT_RETAIN_SELF = YES;
				CLANG_WARN_OBJC_LITERAL_CONVERSION = YES;
				CLANG_WARN_OBJC_ROOT_CLASS = YES_ERROR;
				CLANG_WARN_QUOTED_INCLUDE_IN_FRAMEWORK_HEADER = YES;
				CLANG_WARN_RANGE_LOOP_ANALYSIS = YES;
				CLANG_WARN_STRICT_PROTOTYPES = YES;
				CLANG_WARN_SUSPICIOUS_MOVE = YES;
				CLANG_WARN_UNGUARDED_AVAILABILITY = YES_AGGRESSIVE;
				CLANG_WARN_UNREACHABLE_CODE = YES;
				CLANG_WARN__DUPLICATE_METHOD_MATCH = YES;
				COPY_PHASE_STRIP = NO;
				DEBUG_INFORMATION_FORMAT = dwarf;
				ENABLE_STRICT_OBJC_MSGSEND = YES;
				ENABLE_TESTABILITY = YES;
				ENABLE_USER_SCRIPT_SANDBOXING = YES;
				GCC_C_LANGUAGE_STANDARD = gnu17;
				GCC_DYNAMIC_NO_PIC = NO;
				GCC_NO_COMMON_BLOCKS = YES;
				GCC_OPTIMIZATION_LEVEL = 0;
				GCC_PREPROCESSOR_DEFINITIONS = (
					"DEBUG=1",
					"$(inherited)",
				);
				GCC_WARN_64_TO_32_BIT_CONVERSION = YES;
				GCC_WARN_ABOUT_RETURN_TYPE = YES_ERROR;
				GCC_WARN_UNDECLARED_SELECTOR = YES;
				GCC_WARN_UNINITIALIZED_AUTOS = YES_AGGRESSIVE;
				GCC_WARN_UNUSED_FUNCTION = YES;
				GCC_WARN_UNUSED_VARIABLE = YES;
				IPHONEOS_DEPLOYMENT_TARGET = 17.2;
				LOCALIZATION_PREFERS_STRING_CATALOGS = YES;
				MTL_ENABLE_DEBUG_INFO = INCLUDE_SOURCE;
				MTL_FAST_MATH = YES;
				ONLY_ACTIVE_ARCH = YES;
				SDKROOT = iphoneos;
				SWIFT_ACTIVE_COMPILATION_CONDITIONS = "DEBUG $(inherited)";
				SWIFT_OPTIMIZATION_LEVEL = "-Onone";
			};
			name = Debug;
		};
		5AC97B802C87082800E9A299 /* Release */ = {
			isa = XCBuildConfiguration;
			buildSettings = {
				ALWAYS_SEARCH_USER_PATHS = NO;
				ASSETCATALOG_COMPILER_GENERATE_SWIFT_ASSET_SYMBOL_EXTENSIONS = YES;
				CLANG_ANALYZER_NONNULL = YES;
				CLANG_ANALYZER_NUMBER_OBJECT_CONVERSION = YES_AGGRESSIVE;
				CLANG_CXX_LANGUAGE_STANDARD = "gnu++20";
				CLANG_ENABLE_MODULES = YES;
				CLANG_ENABLE_OBJC_ARC = YES;
				CLANG_ENABLE_OBJC_WEAK = YES;
				CLANG_WARN_BLOCK_CAPTURE_AUTORELEASING = YES;
				CLANG_WARN_BOOL_CONVERSION = YES;
				CLANG_WARN_COMMA = YES;
				CLANG_WARN_CONSTANT_CONVERSION = YES;
				CLANG_WARN_DEPRECATED_OBJC_IMPLEMENTATIONS = YES;
				CLANG_WARN_DIRECT_OBJC_ISA_USAGE = YES_ERROR;
				CLANG_WARN_DOCUMENTATION_COMMENTS = YES;
				CLANG_WARN_EMPTY_BODY = YES;
				CLANG_WARN_ENUM_CONVERSION = YES;
				CLANG_WARN_INFINITE_RECURSION = YES;
				CLANG_WARN_INT_CONVERSION = YES;
				CLANG_WARN_NON_LITERAL_NULL_CONVERSION = YES;
				CLANG_WARN_OBJC_IMPLICIT_RETAIN_SELF = YES;
				CLANG_WARN_OBJC_LITERAL_CONVERSION = YES;
				CLANG_WARN_OBJC_ROOT_CLASS = YES_ERROR;
				CLANG_WARN_QUOTED_INCLUDE_IN_FRAMEWORK_HEADER = YES;
				CLANG_WARN_RANGE_LOOP_ANALYSIS = YES;
				CLANG_WARN_STRICT_PROTOTYPES = YES;
				CLANG_WARN_SUSPICIOUS_MOVE = YES;
				CLANG_WARN_UNGUARDED_AVAILABILITY = YES_AGGRESSIVE;
				CLANG_WARN_UNREACHABLE_CODE = YES;
				CLANG_WARN__DUPLICATE_METHOD_MATCH = YES;
				COPY_PHASE_STRIP = NO;
				DEBUG_INFORMATION_FORMAT = "dwarf-with-dsym";
				ENABLE_NS_ASSERTIONS = NO;
				ENABLE_STRICT_OBJC_MSGSEND = YES;
				ENABLE_USER_SCRIPT_SANDBOXING = YES;
				GCC_C_LANGUAGE_STANDARD = gnu17;
				GCC_NO_COMMON_BLOCKS = YES;
				GCC_WARN_64_TO_32_BIT_CONVERSION = YES;
				GCC_WARN_ABOUT_RETURN_TYPE = YES_ERROR;
				GCC_WARN_UNDECLARED_SELECTOR = YES;
				GCC_WARN_UNINITIALIZED_AUTOS = YES_AGGRESSIVE;
				GCC_WARN_UNUSED_FUNCTION = YES;
				GCC_WARN_UNUSED_VARIABLE = YES;
				IPHONEOS_DEPLOYMENT_TARGET = 17.2;
				LOCALIZATION_PREFERS_STRING_CATALOGS = YES;
				MTL_ENABLE_DEBUG_INFO = NO;
				MTL_FAST_MATH = YES;
				SDKROOT = iphoneos;
				SWIFT_COMPILATION_MODE = wholemodule;
				VALIDATE_PRODUCT = YES;
			};
			name = Release;
		};
		5AC97B822C87082900E9A299 /* Debug */ = {
			isa = XCBuildConfiguration;
			buildSettings = {
				ASSETCATALOG_COMPILER_APPICON_NAME = AppIcon;
				ASSETCATALOG_COMPILER_GLOBAL_ACCENT_COLOR_NAME = AccentColor;
				CODE_SIGN_STYLE = Automatic;
				CURRENT_PROJECT_VERSION = 1;
				DEVELOPMENT_ASSET_PATHS = "\"ToDo/Preview Content\"";
				DEVELOPMENT_TEAM = YFKSG45UC4;
				ENABLE_PREVIEWS = YES;
				GENERATE_INFOPLIST_FILE = YES;
				INFOPLIST_KEY_UIApplicationSceneManifest_Generation = YES;
				INFOPLIST_KEY_UIApplicationSupportsIndirectInputEvents = YES;
				INFOPLIST_KEY_UILaunchScreen_Generation = YES;
				INFOPLIST_KEY_UISupportedInterfaceOrientations_iPad = "UIInterfaceOrientationPortrait UIInterfaceOrientationPortraitUpsideDown UIInterfaceOrientationLandscapeLeft UIInterfaceOrientationLandscapeRight";
				INFOPLIST_KEY_UISupportedInterfaceOrientations_iPhone = "UIInterfaceOrientationPortrait UIInterfaceOrientationLandscapeLeft UIInterfaceOrientationLandscapeRight";
				LD_RUNPATH_SEARCH_PATHS = (
					"$(inherited)",
					"@executable_path/Frameworks",
				);
				MARKETING_VERSION = 1.0;
				PRODUCT_BUNDLE_IDENTIFIER = ru.StasiaKuzya.ToDo;
				PRODUCT_NAME = "$(TARGET_NAME)";
				SWIFT_EMIT_LOC_STRINGS = YES;
				SWIFT_VERSION = 5.0;
				TARGETED_DEVICE_FAMILY = "1,2";
			};
			name = Debug;
		};
		5AC97B832C87082900E9A299 /* Release */ = {
			isa = XCBuildConfiguration;
			buildSettings = {
				ASSETCATALOG_COMPILER_APPICON_NAME = AppIcon;
				ASSETCATALOG_COMPILER_GLOBAL_ACCENT_COLOR_NAME = AccentColor;
				CODE_SIGN_STYLE = Automatic;
				CURRENT_PROJECT_VERSION = 1;
				DEVELOPMENT_ASSET_PATHS = "\"ToDo/Preview Content\"";
				DEVELOPMENT_TEAM = YFKSG45UC4;
				ENABLE_PREVIEWS = YES;
				GENERATE_INFOPLIST_FILE = YES;
				INFOPLIST_KEY_UIApplicationSceneManifest_Generation = YES;
				INFOPLIST_KEY_UIApplicationSupportsIndirectInputEvents = YES;
				INFOPLIST_KEY_UILaunchScreen_Generation = YES;
				INFOPLIST_KEY_UISupportedInterfaceOrientations_iPad = "UIInterfaceOrientationPortrait UIInterfaceOrientationPortraitUpsideDown UIInterfaceOrientationLandscapeLeft UIInterfaceOrientationLandscapeRight";
				INFOPLIST_KEY_UISupportedInterfaceOrientations_iPhone = "UIInterfaceOrientationPortrait UIInterfaceOrientationLandscapeLeft UIInterfaceOrientationLandscapeRight";
				LD_RUNPATH_SEARCH_PATHS = (
					"$(inherited)",
					"@executable_path/Frameworks",
				);
				MARKETING_VERSION = 1.0;
				PRODUCT_BUNDLE_IDENTIFIER = ru.StasiaKuzya.ToDo;
				PRODUCT_NAME = "$(TARGET_NAME)";
				SWIFT_EMIT_LOC_STRINGS = YES;
				SWIFT_VERSION = 5.0;
				TARGETED_DEVICE_FAMILY = "1,2";
			};
			name = Release;
		};
		5AC97B852C87082900E9A299 /* Debug */ = {
			isa = XCBuildConfiguration;
			buildSettings = {
				ALWAYS_EMBED_SWIFT_STANDARD_LIBRARIES = YES;
				BUNDLE_LOADER = "$(TEST_HOST)";
				CODE_SIGN_STYLE = Automatic;
				CURRENT_PROJECT_VERSION = 1;
				DEVELOPMENT_TEAM = YFKSG45UC4;
				GENERATE_INFOPLIST_FILE = YES;
				IPHONEOS_DEPLOYMENT_TARGET = 17.2;
				MARKETING_VERSION = 1.0;
				PRODUCT_BUNDLE_IDENTIFIER = ru.StasiaKuzya.ToDoTests;
				PRODUCT_NAME = "$(TARGET_NAME)";
				SWIFT_EMIT_LOC_STRINGS = NO;
				SWIFT_VERSION = 5.0;
				TARGETED_DEVICE_FAMILY = "1,2";
				TEST_HOST = "$(BUILT_PRODUCTS_DIR)/ToDo.app/$(BUNDLE_EXECUTABLE_FOLDER_PATH)/ToDo";
			};
			name = Debug;
		};
		5AC97B862C87082900E9A299 /* Release */ = {
			isa = XCBuildConfiguration;
			buildSettings = {
				ALWAYS_EMBED_SWIFT_STANDARD_LIBRARIES = YES;
				BUNDLE_LOADER = "$(TEST_HOST)";
				CODE_SIGN_STYLE = Automatic;
				CURRENT_PROJECT_VERSION = 1;
				DEVELOPMENT_TEAM = YFKSG45UC4;
				GENERATE_INFOPLIST_FILE = YES;
				IPHONEOS_DEPLOYMENT_TARGET = 17.2;
				MARKETING_VERSION = 1.0;
				PRODUCT_BUNDLE_IDENTIFIER = ru.StasiaKuzya.ToDoTests;
				PRODUCT_NAME = "$(TARGET_NAME)";
				SWIFT_EMIT_LOC_STRINGS = NO;
				SWIFT_VERSION = 5.0;
				TARGETED_DEVICE_FAMILY = "1,2";
				TEST_HOST = "$(BUILT_PRODUCTS_DIR)/ToDo.app/$(BUNDLE_EXECUTABLE_FOLDER_PATH)/ToDo";
			};
			name = Release;
		};
		5AC97B882C87082900E9A299 /* Debug */ = {
			isa = XCBuildConfiguration;
			buildSettings = {
				ALWAYS_EMBED_SWIFT_STANDARD_LIBRARIES = YES;
				CODE_SIGN_STYLE = Automatic;
				CURRENT_PROJECT_VERSION = 1;
				DEVELOPMENT_TEAM = YFKSG45UC4;
				GENERATE_INFOPLIST_FILE = YES;
				MARKETING_VERSION = 1.0;
				PRODUCT_BUNDLE_IDENTIFIER = ru.StasiaKuzya.ToDoUITests;
				PRODUCT_NAME = "$(TARGET_NAME)";
				SWIFT_EMIT_LOC_STRINGS = NO;
				SWIFT_VERSION = 5.0;
				TARGETED_DEVICE_FAMILY = "1,2";
				TEST_TARGET_NAME = ToDo;
			};
			name = Debug;
		};
		5AC97B892C87082900E9A299 /* Release */ = {
			isa = XCBuildConfiguration;
			buildSettings = {
				ALWAYS_EMBED_SWIFT_STANDARD_LIBRARIES = YES;
				CODE_SIGN_STYLE = Automatic;
				CURRENT_PROJECT_VERSION = 1;
				DEVELOPMENT_TEAM = YFKSG45UC4;
				GENERATE_INFOPLIST_FILE = YES;
				MARKETING_VERSION = 1.0;
				PRODUCT_BUNDLE_IDENTIFIER = ru.StasiaKuzya.ToDoUITests;
				PRODUCT_NAME = "$(TARGET_NAME)";
				SWIFT_EMIT_LOC_STRINGS = NO;
				SWIFT_VERSION = 5.0;
				TARGETED_DEVICE_FAMILY = "1,2";
				TEST_TARGET_NAME = ToDo;
			};
			name = Release;
		};
/* End XCBuildConfiguration section */

/* Begin XCConfigurationList section */
		5AC97B582C87082600E9A299 /* Build configuration list for PBXProject "ToDo" */ = {
			isa = XCConfigurationList;
			buildConfigurations = (
				5AC97B7F2C87082800E9A299 /* Debug */,
				5AC97B802C87082800E9A299 /* Release */,
			);
			defaultConfigurationIsVisible = 0;
			defaultConfigurationName = Release;
		};
		5AC97B812C87082900E9A299 /* Build configuration list for PBXNativeTarget "ToDo" */ = {
			isa = XCConfigurationList;
			buildConfigurations = (
				5AC97B822C87082900E9A299 /* Debug */,
				5AC97B832C87082900E9A299 /* Release */,
			);
			defaultConfigurationIsVisible = 0;
			defaultConfigurationName = Release;
		};
		5AC97B842C87082900E9A299 /* Build configuration list for PBXNativeTarget "ToDoTests" */ = {
			isa = XCConfigurationList;
			buildConfigurations = (
				5AC97B852C87082900E9A299 /* Debug */,
				5AC97B862C87082900E9A299 /* Release */,
			);
			defaultConfigurationIsVisible = 0;
			defaultConfigurationName = Release;
		};
		5AC97B872C87082900E9A299 /* Build configuration list for PBXNativeTarget "ToDoUITests" */ = {
			isa = XCConfigurationList;
			buildConfigurations = (
				5AC97B882C87082900E9A299 /* Debug */,
				5AC97B892C87082900E9A299 /* Release */,
			);
			defaultConfigurationIsVisible = 0;
			defaultConfigurationName = Release;
		};
/* End XCConfigurationList section */
	};
	rootObject = 5AC97B552C87082600E9A299 /* Project object */;
}
